
Microsoft Visual Studio Solution File, Format Version 12.00
# Visual Studio Version 17
VisualStudioVersion = 17.2.32516.85
MinimumVisualStudioVersion = 10.0.40219.1
Project("{FAE04EC0-301F-11D3-BF4B-00C04F79EFBC}") = "MyFirstProgram", "MyFirstProgram.csproj", "{112EAEA7-5004-4239-9ABF-B8E112D982C3}"
EndProject
Global
	GlobalSection(SolutionConfigurationPlatforms) = preSolution
		Debug|Any CPU = Debug|Any CPU
		Release|Any CPU = Release|Any CPU
	EndGlobalSection
	GlobalSection(ProjectConfigurationPlatforms) = postSolution
		{112EAEA7-5004-4239-9ABF-B8E112D982C3}.Debug|Any CPU.ActiveCfg = Debug|Any CPU
		{112EAEA7-5004-4239-9ABF-B8E112D982C3}.Debug|Any CPU.Build.0 = Debug|Any CPU
		{112EAEA7-5004-4239-9ABF-B8E112D982C3}.Release|Any CPU.ActiveCfg = Release|Any CPU
		{112EAEA7-5004-4239-9ABF-B8E112D982C3}.Release|Any CPU.Build.0 = Release|Any CPU
	EndGlobalSection
	GlobalSection(SolutionProperties) = preSolution
		HideSolutionNode = FALSE
	EndGlobalSection
	GlobalSection(ExtensibilityGlobals) = postSolution
		SolutionGuid = {9F74F81B-AAA6-4B84-9B5E-DA009F6A0B07}
	EndGlobalSection
EndGlobal
